
Microsoft Visual Studio Solution File, Format Version 12.00
# Visual Studio Version 16
VisualStudioVersion = 16.0.31129.286
MinimumVisualStudioVersion = 10.0.40219.1
Project("{FAE04EC0-301F-11D3-BF4B-00C04F79EFBC}") = "KC.Configurator", "KC.Configurator\KC.Configurator.csproj", "{A04A1CD5-A708-40F0-B7D4-04308439DDC9}"
EndProject
Global
	GlobalSection(SolutionConfigurationPlatforms) = preSolution
		Debug|Any CPU = Debug|Any CPU
		Release|Any CPU = Release|Any CPU
	EndGlobalSection
	GlobalSection(ProjectConfigurationPlatforms) = postSolution
		{A04A1CD5-A708-40F0-B7D4-04308439DDC9}.Debug|Any CPU.ActiveCfg = Debug|Any CPU
		{A04A1CD5-A708-40F0-B7D4-04308439DDC9}.Debug|Any CPU.Build.0 = Debug|Any CPU
		{A04A1CD5-A708-40F0-B7D4-04308439DDC9}.Release|Any CPU.ActiveCfg = Release|Any CPU
		{A04A1CD5-A708-40F0-B7D4-04308439DDC9}.Release|Any CPU.Build.0 = Release|Any CPU
	EndGlobalSection
	GlobalSection(SolutionProperties) = preSolution
		HideSolutionNode = FALSE
	EndGlobalSection
	GlobalSection(ExtensibilityGlobals) = postSolution
		SolutionGuid = {B73E87A9-EE7C-4443-93B1-4B0E955D5BFD}
	EndGlobalSection
EndGlobal
